
Microsoft Visual Studio Solution File, Format Version 12.00
# Visual Studio 2012
Project("{FAE04EC0-301F-11D3-BF4B-00C04F79EFBC}") = "GPS_With_Friends", "WindowsAzure1\GPS_With_Friends.csproj", "{798C5344-7A9E-491D-BCEE-E523BDF9AB92}"
EndProject
Global
	GlobalSection(SolutionConfigurationPlatforms) = preSolution
		Debug|Any CPU = Debug|Any CPU
		Release|Any CPU = Release|Any CPU
	EndGlobalSection
	GlobalSection(ProjectConfigurationPlatforms) = postSolution
		{798C5344-7A9E-491D-BCEE-E523BDF9AB92}.Debug|Any CPU.ActiveCfg = Debug|Any CPU
		{798C5344-7A9E-491D-BCEE-E523BDF9AB92}.Debug|Any CPU.Build.0 = Debug|Any CPU
		{798C5344-7A9E-491D-BCEE-E523BDF9AB92}.Release|Any CPU.ActiveCfg = Release|Any CPU
		{798C5344-7A9E-491D-BCEE-E523BDF9AB92}.Release|Any CPU.Build.0 = Release|Any CPU
	EndGlobalSection
	GlobalSection(SolutionProperties) = preSolution
		HideSolutionNode = FALSE
	EndGlobalSection
EndGlobal
