
Microsoft Visual Studio Solution File, Format Version 12.00
# Visual Studio 2012
Project("{FAE04EC0-301F-11D3-BF4B-00C04F79EFBC}") = "GWF_WebServices", "GWF_Services\GWF_WebServices.csproj", "{4B50D95C-2560-4A2E-B002-B093D1EA7152}"
EndProject
Project("{CC5FD16D-436D-48AD-A40C-5A424C6E3E79}") = "GWF_CloudServices", "GWF_WebServices.Azure\GWF_CloudServices.ccproj", "{FDC93CDA-8C70-4E22-8A46-9C221BAB24DE}"
EndProject
Project("{FAE04EC0-301F-11D3-BF4B-00C04F79EFBC}") = "UnitTestProject1", "UnitTestProject1\UnitTestProject1.csproj", "{0D2DC6B1-2DE6-4789-9741-BC63CAB8002A}"
EndProject
Global
	GlobalSection(SolutionConfigurationPlatforms) = preSolution
		Debug|Any CPU = Debug|Any CPU
		Release|Any CPU = Release|Any CPU
	EndGlobalSection
	GlobalSection(ProjectConfigurationPlatforms) = postSolution
		{4B50D95C-2560-4A2E-B002-B093D1EA7152}.Debug|Any CPU.ActiveCfg = Debug|Any CPU
		{4B50D95C-2560-4A2E-B002-B093D1EA7152}.Debug|Any CPU.Build.0 = Debug|Any CPU
		{4B50D95C-2560-4A2E-B002-B093D1EA7152}.Release|Any CPU.ActiveCfg = Release|Any CPU
		{4B50D95C-2560-4A2E-B002-B093D1EA7152}.Release|Any CPU.Build.0 = Release|Any CPU
		{FDC93CDA-8C70-4E22-8A46-9C221BAB24DE}.Debug|Any CPU.ActiveCfg = Debug|Any CPU
		{FDC93CDA-8C70-4E22-8A46-9C221BAB24DE}.Debug|Any CPU.Build.0 = Debug|Any CPU
		{FDC93CDA-8C70-4E22-8A46-9C221BAB24DE}.Release|Any CPU.ActiveCfg = Release|Any CPU
		{FDC93CDA-8C70-4E22-8A46-9C221BAB24DE}.Release|Any CPU.Build.0 = Release|Any CPU
		{0D2DC6B1-2DE6-4789-9741-BC63CAB8002A}.Debug|Any CPU.ActiveCfg = Debug|Any CPU
		{0D2DC6B1-2DE6-4789-9741-BC63CAB8002A}.Debug|Any CPU.Build.0 = Debug|Any CPU
		{0D2DC6B1-2DE6-4789-9741-BC63CAB8002A}.Release|Any CPU.ActiveCfg = Release|Any CPU
		{0D2DC6B1-2DE6-4789-9741-BC63CAB8002A}.Release|Any CPU.Build.0 = Release|Any CPU
	EndGlobalSection
	GlobalSection(SolutionProperties) = preSolution
		HideSolutionNode = FALSE
	EndGlobalSection
EndGlobal
